{
  "name": "currency-converter",
  "version": "1.0.0",
  "lockfileVersion": 3,
  "requires": true,
  "packages": {
    "": {
      "name": "currency-converter",
      "version": "1.0.0",
      "license": "ISC",
      "dependencies": {
        "country-flag-emoji-polyfill": "^0.1.4"
      }
    },
    "node_modules/country-flag-emoji-polyfill": {
      "version": "0.1.4",
      "resolved": "https://registry.npmjs.org/country-flag-emoji-polyfill/-/country-flag-emoji-polyfill-0.1.4.tgz",
      "integrity": "sha512-e20azlb9yHb3mpL3lAlhkidmJgB5TELpA8oe0DPlyIfnqXhAGBmgLDpC+mm+Envh57n1xPrOfkJtXq2CrpvoGQ==",
      "dependencies": {
        "is-emoji-supported": "^0.0.5"
      }
    },
    "node_modules/is-emoji-supported": {
      "version": "0.0.5",
      "resolved": "https://registry.npmjs.org/is-emoji-supported/-/is-emoji-supported-0.0.5.tgz",
      "integrity": "sha512-WOlXUhDDHxYqcSmFZis+xWhhqXiK2SU0iYiqmth5Ip0FHLZQAt9rKL5ahnilE8/86WH8tZ3bmNNNC+bTzamqlw=="
    }
  }
}
